
Microsoft Visual Studio Solution File, Format Version 12.00
Project("{FAE04EC0-301F-11D3-BF4B-00C04F79EFBC}") = "Auth.Api", "Auth.Api\Auth.Api.csproj", "{0DA4E082-63B8-4E77-97F3-8A7658533C61}"
EndProject
Project("{2150E333-8FDC-42A3-9474-1A3956D46DE8}") = "Intercore.shared", "Intercore.shared", "{6053E99D-4A56-B481-0F64-440F278B2B85}"
EndProject
Project("{FAE04EC0-301F-11D3-BF4B-00C04F79EFBC}") = "Intercore.shared", "Intercore.shared\Intercore.shared\Intercore.shared.csproj", "{B2E9ED9B-D611-4520-A5F9-90B6F3EF421F}"
EndProject
Global
	GlobalSection(SolutionConfigurationPlatforms) = preSolution
		Debug|Any CPU = Debug|Any CPU
		Debug|x64 = Debug|x64
		Debug|x86 = Debug|x86
		Release|Any CPU = Release|Any CPU
		Release|x64 = Release|x64
		Release|x86 = Release|x86
	EndGlobalSection
	GlobalSection(ProjectConfigurationPlatforms) = postSolution
		{0DA4E082-63B8-4E77-97F3-8A7658533C61}.Debug|Any CPU.ActiveCfg = Debug|Any CPU
		{0DA4E082-63B8-4E77-97F3-8A7658533C61}.Debug|Any CPU.Build.0 = Debug|Any CPU
		{0DA4E082-63B8-4E77-97F3-8A7658533C61}.Debug|x64.ActiveCfg = Debug|Any CPU
		{0DA4E082-63B8-4E77-97F3-8A7658533C61}.Debug|x64.Build.0 = Debug|Any CPU
		{0DA4E082-63B8-4E77-97F3-8A7658533C61}.Debug|x86.ActiveCfg = Debug|Any CPU
		{0DA4E082-63B8-4E77-97F3-8A7658533C61}.Debug|x86.Build.0 = Debug|Any CPU
		{0DA4E082-63B8-4E77-97F3-8A7658533C61}.Release|Any CPU.ActiveCfg = Release|Any CPU
		{0DA4E082-63B8-4E77-97F3-8A7658533C61}.Release|Any CPU.Build.0 = Release|Any CPU
		{0DA4E082-63B8-4E77-97F3-8A7658533C61}.Release|x64.ActiveCfg = Release|Any CPU
		{0DA4E082-63B8-4E77-97F3-8A7658533C61}.Release|x64.Build.0 = Release|Any CPU
		{0DA4E082-63B8-4E77-97F3-8A7658533C61}.Release|x86.ActiveCfg = Release|Any CPU
		{0DA4E082-63B8-4E77-97F3-8A7658533C61}.Release|x86.Build.0 = Release|Any CPU
		{B2E9ED9B-D611-4520-A5F9-90B6F3EF421F}.Debug|Any CPU.ActiveCfg = Debug|Any CPU
		{B2E9ED9B-D611-4520-A5F9-90B6F3EF421F}.Debug|Any CPU.Build.0 = Debug|Any CPU
		{B2E9ED9B-D611-4520-A5F9-90B6F3EF421F}.Debug|x64.ActiveCfg = Debug|Any CPU
		{B2E9ED9B-D611-4520-A5F9-90B6F3EF421F}.Debug|x64.Build.0 = Debug|Any CPU
		{B2E9ED9B-D611-4520-A5F9-90B6F3EF421F}.Debug|x86.ActiveCfg = Debug|Any CPU
		{B2E9ED9B-D611-4520-A5F9-90B6F3EF421F}.Debug|x86.Build.0 = Debug|Any CPU
		{B2E9ED9B-D611-4520-A5F9-90B6F3EF421F}.Release|Any CPU.ActiveCfg = Release|Any CPU
		{B2E9ED9B-D611-4520-A5F9-90B6F3EF421F}.Release|Any CPU.Build.0 = Release|Any CPU
		{B2E9ED9B-D611-4520-A5F9-90B6F3EF421F}.Release|x64.ActiveCfg = Release|Any CPU
		{B2E9ED9B-D611-4520-A5F9-90B6F3EF421F}.Release|x64.Build.0 = Release|Any CPU
		{B2E9ED9B-D611-4520-A5F9-90B6F3EF421F}.Release|x86.ActiveCfg = Release|Any CPU
		{B2E9ED9B-D611-4520-A5F9-90B6F3EF421F}.Release|x86.Build.0 = Release|Any CPU
	EndGlobalSection
	GlobalSection(SolutionProperties) = preSolution
		HideSolutionNode = FALSE
	EndGlobalSection
	GlobalSection(NestedProjects) = preSolution
		{B2E9ED9B-D611-4520-A5F9-90B6F3EF421F} = {6053E99D-4A56-B481-0F64-440F278B2B85}
	EndGlobalSection
EndGlobal
